
Microsoft Visual Studio Solution File, Format Version 12.00
Project("{FAE04EC0-301F-11D3-BF4B-00C04F79EFBC}") = "SparepartManagementSystem.Domain", "SparepartManagementSystem.Domain\SparepartManagementSystem.Domain.csproj", "{C6A5825F-5847-4AC1-BA35-44E62C65264A}"
EndProject
Project("{FAE04EC0-301F-11D3-BF4B-00C04F79EFBC}") = "SparepartManagementSystem.Repository", "SparepartManagementSystem.Repository\SparepartManagementSystem.Repository.csproj", "{F4DE20C6-1396-4483-B11F-A056ED4ADE1C}"
EndProject
Project("{FAE04EC0-301F-11D3-BF4B-00C04F79EFBC}") = "SparepartManagementSystem.Service", "SparepartManagementSystem.Service\SparepartManagementSystem.Service.csproj", "{EB4DBA3D-795A-48D2-8E5D-A7101EFDCCA2}"
EndProject
Project("{FAE04EC0-301F-11D3-BF4B-00C04F79EFBC}") = "SparepartManagementSystem.API", "SparepartManagementSystem.API\SparepartManagementSystem.API.csproj", "{B97DA27A-FD0A-4EDD-9C43-4C38C8799FD0}"
EndProject
Project("{FAE04EC0-301F-11D3-BF4B-00C04F79EFBC}") = "SparepartManagementSystem.Repository.Migration", "SparepartManagementSystem.Repository.Migration\SparepartManagementSystem.Repository.Migration.csproj", "{60DE2237-6FFA-4B64-9800-BD13073091D8}"
EndProject
Project("{FAE04EC0-301F-11D3-BF4B-00C04F79EFBC}") = "SparepartManagementSystem.Shared", "SparepartManagementSystem.Shared\SparepartManagementSystem.Shared.csproj", "{2E74194F-F370-45A4-8B4E-F6B2900D30C8}"
EndProject
Project("{FAE04EC0-301F-11D3-BF4B-00C04F79EFBC}") = "SparepartManagementSystem.Console", "SparepartManagementSystem.Console\SparepartManagementSystem.Console.csproj", "{4A2A6051-305F-4640-B23E-A870B5720BFD}"
EndProject
Project("{FAE04EC0-301F-11D3-BF4B-00C04F79EFBC}") = "SparepartManagementSystem.Service.Tests", "SparepartManagementSystem.Service.Tests\SparepartManagementSystem.Service.Tests.csproj", "{D452A1F2-22B2-4039-ACB5-C069A6FCEC31}"
EndProject
Project("{2150E333-8FDC-42A3-9474-1A3956D46DE8}") = "Domain", "Domain", "{65F2D243-36F4-42C0-920F-A4D3159D249E}"
EndProject
Project("{2150E333-8FDC-42A3-9474-1A3956D46DE8}") = "Repository", "Repository", "{736AC463-FB82-4B61-B51D-04B1F9EFA154}"
EndProject
Project("{2150E333-8FDC-42A3-9474-1A3956D46DE8}") = "Service", "Service", "{883BF02E-25D7-4B1D-A408-9AB24C808D76}"
EndProject
Project("{FAE04EC0-301F-11D3-BF4B-00C04F79EFBC}") = "SparepartManagementSystem.Repository.Tests", "SparepartManagementSystem.Repository.Tests\SparepartManagementSystem.Repository.Tests.csproj", "{18FCD952-0044-49DA-AD09-65B9F7214CCC}"
EndProject
Global
	GlobalSection(SolutionConfigurationPlatforms) = preSolution
		Debug|Any CPU = Debug|Any CPU
		Release|Any CPU = Release|Any CPU
	EndGlobalSection
	GlobalSection(ProjectConfigurationPlatforms) = postSolution
		{C6A5825F-5847-4AC1-BA35-44E62C65264A}.Debug|Any CPU.ActiveCfg = Debug|Any CPU
		{C6A5825F-5847-4AC1-BA35-44E62C65264A}.Debug|Any CPU.Build.0 = Debug|Any CPU
		{C6A5825F-5847-4AC1-BA35-44E62C65264A}.Release|Any CPU.ActiveCfg = Release|Any CPU
		{C6A5825F-5847-4AC1-BA35-44E62C65264A}.Release|Any CPU.Build.0 = Release|Any CPU
		{F4DE20C6-1396-4483-B11F-A056ED4ADE1C}.Debug|Any CPU.ActiveCfg = Debug|Any CPU
		{F4DE20C6-1396-4483-B11F-A056ED4ADE1C}.Debug|Any CPU.Build.0 = Debug|Any CPU
		{F4DE20C6-1396-4483-B11F-A056ED4ADE1C}.Release|Any CPU.ActiveCfg = Release|Any CPU
		{F4DE20C6-1396-4483-B11F-A056ED4ADE1C}.Release|Any CPU.Build.0 = Release|Any CPU
		{EB4DBA3D-795A-48D2-8E5D-A7101EFDCCA2}.Debug|Any CPU.ActiveCfg = Debug|Any CPU
		{EB4DBA3D-795A-48D2-8E5D-A7101EFDCCA2}.Debug|Any CPU.Build.0 = Debug|Any CPU
		{EB4DBA3D-795A-48D2-8E5D-A7101EFDCCA2}.Release|Any CPU.ActiveCfg = Release|Any CPU
		{EB4DBA3D-795A-48D2-8E5D-A7101EFDCCA2}.Release|Any CPU.Build.0 = Release|Any CPU
		{B97DA27A-FD0A-4EDD-9C43-4C38C8799FD0}.Debug|Any CPU.ActiveCfg = Debug|Any CPU
		{B97DA27A-FD0A-4EDD-9C43-4C38C8799FD0}.Debug|Any CPU.Build.0 = Debug|Any CPU
		{B97DA27A-FD0A-4EDD-9C43-4C38C8799FD0}.Release|Any CPU.ActiveCfg = Release|Any CPU
		{B97DA27A-FD0A-4EDD-9C43-4C38C8799FD0}.Release|Any CPU.Build.0 = Release|Any CPU
		{60DE2237-6FFA-4B64-9800-BD13073091D8}.Debug|Any CPU.ActiveCfg = Debug|Any CPU
		{60DE2237-6FFA-4B64-9800-BD13073091D8}.Debug|Any CPU.Build.0 = Debug|Any CPU
		{60DE2237-6FFA-4B64-9800-BD13073091D8}.Release|Any CPU.ActiveCfg = Release|Any CPU
		{60DE2237-6FFA-4B64-9800-BD13073091D8}.Release|Any CPU.Build.0 = Release|Any CPU
		{2E74194F-F370-45A4-8B4E-F6B2900D30C8}.Debug|Any CPU.ActiveCfg = Debug|Any CPU
		{2E74194F-F370-45A4-8B4E-F6B2900D30C8}.Debug|Any CPU.Build.0 = Debug|Any CPU
		{2E74194F-F370-45A4-8B4E-F6B2900D30C8}.Release|Any CPU.ActiveCfg = Release|Any CPU
		{2E74194F-F370-45A4-8B4E-F6B2900D30C8}.Release|Any CPU.Build.0 = Release|Any CPU
		{4A2A6051-305F-4640-B23E-A870B5720BFD}.Debug|Any CPU.ActiveCfg = Debug|Any CPU
		{4A2A6051-305F-4640-B23E-A870B5720BFD}.Debug|Any CPU.Build.0 = Debug|Any CPU
		{4A2A6051-305F-4640-B23E-A870B5720BFD}.Release|Any CPU.ActiveCfg = Release|Any CPU
		{4A2A6051-305F-4640-B23E-A870B5720BFD}.Release|Any CPU.Build.0 = Release|Any CPU
		{D452A1F2-22B2-4039-ACB5-C069A6FCEC31}.Debug|Any CPU.ActiveCfg = Debug|Any CPU
		{D452A1F2-22B2-4039-ACB5-C069A6FCEC31}.Debug|Any CPU.Build.0 = Debug|Any CPU
		{D452A1F2-22B2-4039-ACB5-C069A6FCEC31}.Release|Any CPU.ActiveCfg = Release|Any CPU
		{D452A1F2-22B2-4039-ACB5-C069A6FCEC31}.Release|Any CPU.Build.0 = Release|Any CPU
		{18FCD952-0044-49DA-AD09-65B9F7214CCC}.Debug|Any CPU.ActiveCfg = Debug|Any CPU
		{18FCD952-0044-49DA-AD09-65B9F7214CCC}.Debug|Any CPU.Build.0 = Debug|Any CPU
		{18FCD952-0044-49DA-AD09-65B9F7214CCC}.Release|Any CPU.ActiveCfg = Release|Any CPU
		{18FCD952-0044-49DA-AD09-65B9F7214CCC}.Release|Any CPU.Build.0 = Release|Any CPU
	EndGlobalSection
	GlobalSection(NestedProjects) = preSolution
		{C6A5825F-5847-4AC1-BA35-44E62C65264A} = {65F2D243-36F4-42C0-920F-A4D3159D249E}
		{F4DE20C6-1396-4483-B11F-A056ED4ADE1C} = {736AC463-FB82-4B61-B51D-04B1F9EFA154}
		{60DE2237-6FFA-4B64-9800-BD13073091D8} = {736AC463-FB82-4B61-B51D-04B1F9EFA154}
		{EB4DBA3D-795A-48D2-8E5D-A7101EFDCCA2} = {883BF02E-25D7-4B1D-A408-9AB24C808D76}
		{D452A1F2-22B2-4039-ACB5-C069A6FCEC31} = {883BF02E-25D7-4B1D-A408-9AB24C808D76}
		{18FCD952-0044-49DA-AD09-65B9F7214CCC} = {736AC463-FB82-4B61-B51D-04B1F9EFA154}
	EndGlobalSection
EndGlobal
